// !$*UTF8*$!
{
	archiveVersion = 1;
	classes = {
	};
	objectVersion = 55;
	objects = {

/* Begin PBXBuildFile section */
		575ACC2D1582D50400EAC45A /* cd.c in Sources */ = {isa = PBXBuildFile; fileRef = 575ACBE81582C37400EAC45A /* cd.c */; };
		575ACC2E1582D50400EAC45A /* cdtext.c in Sources */ = {isa = PBXBuildFile; fileRef = 575ACBEA1582C37400EAC45A /* cdtext.c */; };
		575ACC331582D50400EAC45A /* rem.c in Sources */ = {isa = PBXBuildFile; fileRef = 575ACBF71582C37400EAC45A /* rem.c */; };
		575ACC341582D50400EAC45A /* time.c in Sources */ = {isa = PBXBuildFile; fileRef = 575ACBF91582C37400EAC45A /* time.c */; };
		B3AFCF5A2977A66600A01010 /* PVLogging in Frameworks */ = {isa = PBXBuildFile; productRef = B3AFCF592977A66600A01010 /* PVLogging */; };
		B3D1801F28963F7D001207AF /* quarz.cpp in Sources */ = {isa = PBXBuildFile; fileRef = 578D123A1582B03F003F64E5 /* quarz.cpp */; };
		B3D1802028963F7D001207AF /* Madam.cpp in Sources */ = {isa = PBXBuildFile; fileRef = 578D12371582B03F003F64E5 /* Madam.cpp */; };
		B3D1802128963F7D001207AF /* _3do_sys.cpp in Sources */ = {isa = PBXBuildFile; fileRef = 578D12271582B03E003F64E5 /* _3do_sys.cpp */; };
		B3D1802228963F7D001207AF /* Clio.cpp in Sources */ = {isa = PBXBuildFile; fileRef = 578D122C1582B03E003F64E5 /* Clio.cpp */; };
		B3D1802328963F7D001207AF /* DSP.cpp in Sources */ = {isa = PBXBuildFile; fileRef = 578D12301582B03E003F64E5 /* DSP.cpp */; };
		B3D1802428963F7D001207AF /* XBUS.cpp in Sources */ = {isa = PBXBuildFile; fileRef = 578D12411582B03F003F64E5 /* XBUS.cpp */; };
		B3D1802528963F7D001207AF /* vdlp.cpp in Sources */ = {isa = PBXBuildFile; fileRef = 578D123F1582B03F003F64E5 /* vdlp.cpp */; };
		B3D1802628963F7D001207AF /* Iso.cpp in Sources */ = {isa = PBXBuildFile; fileRef = 578D12341582B03F003F64E5 /* Iso.cpp */; };
		B3D1802728963F7D001207AF /* arm.cpp in Sources */ = {isa = PBXBuildFile; fileRef = 578D12281582B03E003F64E5 /* arm.cpp */; };
		B3D1802828963F7D001207AF /* DiagPort.cpp in Sources */ = {isa = PBXBuildFile; fileRef = 578D122E1582B03E003F64E5 /* DiagPort.cpp */; };
		B3D1802928963F7D001207AF /* frame.cpp in Sources */ = {isa = PBXBuildFile; fileRef = 94551A0E19A570170080929A /* frame.cpp */; };
		B3D1802A28963F7D001207AF /* SPORT.cpp in Sources */ = {isa = PBXBuildFile; fileRef = 578D123C1582B03F003F64E5 /* SPORT.cpp */; };
		B3D1802B28963F7D001207AF /* bitop.cpp in Sources */ = {isa = PBXBuildFile; fileRef = 578D122A1582B03E003F64E5 /* bitop.cpp */; };
		B3D1804928963FF0001207AF /* FreeDO.h in Headers */ = {isa = PBXBuildFile; fileRef = B3D1804828963FF0001207AF /* FreeDO.h */; settings = {ATTRIBUTES = (Public, ); }; };
		B3D1804D28964018001207AF /* FreeDOGameCore.mm in Sources */ = {isa = PBXBuildFile; fileRef = 826FE0F41014D8930023A8E9 /* FreeDOGameCore.mm */; };
		B3D1806D289642BB001207AF /* OpenGLES.framework in Frameworks */ = {isa = PBXBuildFile; fileRef = B3D1806B289642BB001207AF /* OpenGLES.framework */; platformFilters = (ios, tvos, watchos, ); };
		B3D1806E289642BB001207AF /* OpenGL.framework in Frameworks */ = {isa = PBXBuildFile; fileRef = B3D1806C289642BB001207AF /* OpenGL.framework */; platformFilters = (maccatalyst, macos, ); };
		B3D18070289642C2001207AF /* PVSupport.framework in Frameworks */ = {isa = PBXBuildFile; fileRef = B3D1806F289642C2001207AF /* PVSupport.framework */; };
		B3D1807B2896430B001207AF /* libfreedo.a in Frameworks */ = {isa = PBXBuildFile; fileRef = B3D1801628963F5C001207AF /* libfreedo.a */; };
		B3D1807E2896430B001207AF /* liblibcue.a in Frameworks */ = {isa = PBXBuildFile; fileRef = 575ACC271582D4F000EAC45A /* liblibcue.a */; };
		B3D1808728964341001207AF /* FreeDOGameCore.h in Headers */ = {isa = PBXBuildFile; fileRef = 826FE0F31014D8930023A8E9 /* FreeDOGameCore.h */; settings = {ATTRIBUTES = (Public, ); }; };
		B3D1808D289643C5001207AF /* Core.plist in Resources */ = {isa = PBXBuildFile; fileRef = B3D1808C289643C4001207AF /* Core.plist */; };
		B3DEEF812942CDC600A6957C /* cue_parser.c in Sources */ = {isa = PBXBuildFile; fileRef = 575ACBEC1582C37400EAC45A /* cue_parser.c */; };
		B3DEEF822942CDE800A6957C /* cue_scanner.c in Sources */ = {isa = PBXBuildFile; fileRef = 575ACBEF1582C37400EAC45A /* cue_scanner.c */; };
/* End PBXBuildFile section */

/* Begin PBXContainerItemProxy section */
		B3D1807C2896430B001207AF /* PBXContainerItemProxy */ = {
			isa = PBXContainerItemProxy;
			containerPortal = 089C1669FE841209C02AAC07 /* Project object */;
			proxyType = 1;
			remoteGlobalIDString = B3D1801528963F5C001207AF;
			remoteInfo = "freedo-iOS";
		};
		B3D1807F2896430C001207AF /* PBXContainerItemProxy */ = {
			isa = PBXContainerItemProxy;
			containerPortal = 089C1669FE841209C02AAC07 /* Project object */;
			proxyType = 1;
			remoteGlobalIDString = 575ACC261582D4F000EAC45A;
			remoteInfo = "libcue-iOS";
		};
/* End PBXContainerItemProxy section */

/* Begin PBXCopyFilesBuildPhase section */
		B3D1801428963F5C001207AF /* CopyFiles */ = {
			isa = PBXCopyFilesBuildPhase;
			buildActionMask = 2147483647;
			dstPath = "include/$(PRODUCT_NAME)";
			dstSubfolderSpec = 16;
			files = (
			);
			runOnlyForDeploymentPostprocessing = 0;
		};
/* End PBXCopyFilesBuildPhase section */

/* Begin PBXFileReference section */
		089C1672FE841209C02AAC07 /* Foundation.framework */ = {isa = PBXFileReference; lastKnownFileType = wrapper.framework; name = Foundation.framework; path = System/Library/Frameworks/Foundation.framework; sourceTree = SDKROOT; };
		089C167EFE841241C02AAC07 /* en */ = {isa = PBXFileReference; fileEncoding = 4; lastKnownFileType = text.plist.strings; name = en; path = en.lproj/InfoPlist.strings; sourceTree = "<group>"; };
		089C167FFE841241C02AAC07 /* AppKit.framework */ = {isa = PBXFileReference; lastKnownFileType = wrapper.framework; name = AppKit.framework; path = System/Library/Frameworks/AppKit.framework; sourceTree = SDKROOT; };
		1058C7ADFEA557BF11CA2CBB /* Cocoa.framework */ = {isa = PBXFileReference; lastKnownFileType = wrapper.framework; name = Cocoa.framework; path = System/Library/Frameworks/Cocoa.framework; sourceTree = SDKROOT; };
		575ACBE81582C37400EAC45A /* cd.c */ = {isa = PBXFileReference; fileEncoding = 4; lastKnownFileType = sourcecode.c.c; path = cd.c; sourceTree = "<group>"; };
		575ACBE91582C37400EAC45A /* cd.h */ = {isa = PBXFileReference; fileEncoding = 4; lastKnownFileType = sourcecode.c.h; path = cd.h; sourceTree = "<group>"; };
		575ACBEA1582C37400EAC45A /* cdtext.c */ = {isa = PBXFileReference; fileEncoding = 4; lastKnownFileType = sourcecode.c.c; path = cdtext.c; sourceTree = "<group>"; };
		575ACBEB1582C37400EAC45A /* cdtext.h */ = {isa = PBXFileReference; fileEncoding = 4; lastKnownFileType = sourcecode.c.h; path = cdtext.h; sourceTree = "<group>"; };
		575ACBEC1582C37400EAC45A /* cue_parser.c */ = {isa = PBXFileReference; fileEncoding = 4; lastKnownFileType = sourcecode.c.c; path = cue_parser.c; sourceTree = "<group>"; };
		575ACBED1582C37400EAC45A /* cue_parser.h */ = {isa = PBXFileReference; fileEncoding = 4; lastKnownFileType = sourcecode.c.h; path = cue_parser.h; sourceTree = "<group>"; };
		575ACBEE1582C37400EAC45A /* cue_parser.ym */ = {isa = PBXFileReference; fileEncoding = 4; lastKnownFileType = sourcecode.yacc; path = cue_parser.ym; sourceTree = "<group>"; };
		575ACBEF1582C37400EAC45A /* cue_scanner.c */ = {isa = PBXFileReference; fileEncoding = 4; lastKnownFileType = sourcecode.c.c; path = cue_scanner.c; sourceTree = "<group>"; };
		575ACBF01582C37400EAC45A /* cue_scanner.lm */ = {isa = PBXFileReference; fileEncoding = 4; lastKnownFileType = sourcecode.lex; path = cue_scanner.lm; sourceTree = "<group>"; };
		575ACBF11582C37400EAC45A /* libcue.h */ = {isa = PBXFileReference; fileEncoding = 4; lastKnownFileType = sourcecode.c.h; path = libcue.h; sourceTree = "<group>"; };
		575ACBF71582C37400EAC45A /* rem.c */ = {isa = PBXFileReference; fileEncoding = 4; lastKnownFileType = sourcecode.c.c; path = rem.c; sourceTree = "<group>"; };
		575ACBF81582C37400EAC45A /* rem.h */ = {isa = PBXFileReference; fileEncoding = 4; lastKnownFileType = sourcecode.c.h; path = rem.h; sourceTree = "<group>"; };
		575ACBF91582C37400EAC45A /* time.c */ = {isa = PBXFileReference; fileEncoding = 4; lastKnownFileType = sourcecode.c.c; path = time.c; sourceTree = "<group>"; };
		575ACBFA1582C37400EAC45A /* time.h */ = {isa = PBXFileReference; fileEncoding = 4; lastKnownFileType = sourcecode.c.h; path = time.h; sourceTree = "<group>"; };
		575ACC0E1582C3A100EAC45A /* config.h */ = {isa = PBXFileReference; fileEncoding = 4; lastKnownFileType = sourcecode.c.h; name = config.h; path = "libcue-1.4.0/config.h"; sourceTree = SOURCE_ROOT; };
		575ACC271582D4F000EAC45A /* liblibcue.a */ = {isa = PBXFileReference; explicitFileType = archive.ar; includeInIndex = 0; path = liblibcue.a; sourceTree = BUILT_PRODUCTS_DIR; };
		578D12271582B03E003F64E5 /* _3do_sys.cpp */ = {isa = PBXFileReference; fileEncoding = 4; lastKnownFileType = sourcecode.cpp.cpp; path = _3do_sys.cpp; sourceTree = "<group>"; };
		578D12281582B03E003F64E5 /* arm.cpp */ = {isa = PBXFileReference; fileEncoding = 4; lastKnownFileType = sourcecode.cpp.cpp; path = arm.cpp; sourceTree = "<group>"; };
		578D12291582B03E003F64E5 /* arm.h */ = {isa = PBXFileReference; fileEncoding = 4; lastKnownFileType = sourcecode.c.h; path = arm.h; sourceTree = "<group>"; };
		578D122A1582B03E003F64E5 /* bitop.cpp */ = {isa = PBXFileReference; fileEncoding = 4; lastKnownFileType = sourcecode.cpp.cpp; path = bitop.cpp; sourceTree = "<group>"; };
		578D122B1582B03E003F64E5 /* bitop.h */ = {isa = PBXFileReference; fileEncoding = 4; lastKnownFileType = sourcecode.c.h; path = bitop.h; sourceTree = "<group>"; };
		578D122C1582B03E003F64E5 /* Clio.cpp */ = {isa = PBXFileReference; fileEncoding = 4; lastKnownFileType = sourcecode.cpp.cpp; path = Clio.cpp; sourceTree = "<group>"; };
		578D122D1582B03E003F64E5 /* Clio.h */ = {isa = PBXFileReference; fileEncoding = 4; lastKnownFileType = sourcecode.c.h; path = Clio.h; sourceTree = "<group>"; };
		578D122E1582B03E003F64E5 /* DiagPort.cpp */ = {isa = PBXFileReference; fileEncoding = 4; lastKnownFileType = sourcecode.cpp.cpp; path = DiagPort.cpp; sourceTree = "<group>"; };
		578D122F1582B03E003F64E5 /* DiagPort.h */ = {isa = PBXFileReference; fileEncoding = 4; lastKnownFileType = sourcecode.c.h; path = DiagPort.h; sourceTree = "<group>"; };
		578D12301582B03E003F64E5 /* DSP.cpp */ = {isa = PBXFileReference; fileEncoding = 4; lastKnownFileType = sourcecode.cpp.cpp; path = DSP.cpp; sourceTree = "<group>"; };
		578D12311582B03E003F64E5 /* DSP.h */ = {isa = PBXFileReference; fileEncoding = 4; lastKnownFileType = sourcecode.c.h; path = DSP.h; sourceTree = "<group>"; };
		578D12321582B03E003F64E5 /* freedoconfig.h */ = {isa = PBXFileReference; fileEncoding = 4; lastKnownFileType = sourcecode.c.h; path = freedoconfig.h; sourceTree = "<group>"; };
		578D12331582B03F003F64E5 /* freedocore.h */ = {isa = PBXFileReference; fileEncoding = 4; lastKnownFileType = sourcecode.c.h; path = freedocore.h; sourceTree = "<group>"; };
		578D12341582B03F003F64E5 /* Iso.cpp */ = {isa = PBXFileReference; fileEncoding = 4; lastKnownFileType = sourcecode.cpp.cpp; path = Iso.cpp; sourceTree = "<group>"; };
		578D12351582B03F003F64E5 /* IsoXBUS.h */ = {isa = PBXFileReference; fileEncoding = 4; lastKnownFileType = sourcecode.c.h; path = IsoXBUS.h; sourceTree = "<group>"; };
		578D12371582B03F003F64E5 /* Madam.cpp */ = {isa = PBXFileReference; fileEncoding = 4; lastKnownFileType = sourcecode.cpp.cpp; path = Madam.cpp; sourceTree = "<group>"; };
		578D12381582B03F003F64E5 /* Madam.h */ = {isa = PBXFileReference; fileEncoding = 4; lastKnownFileType = sourcecode.c.h; path = Madam.h; sourceTree = "<group>"; };
		578D123A1582B03F003F64E5 /* quarz.cpp */ = {isa = PBXFileReference; fileEncoding = 4; lastKnownFileType = sourcecode.cpp.cpp; path = quarz.cpp; sourceTree = "<group>"; };
		578D123B1582B03F003F64E5 /* quarz.h */ = {isa = PBXFileReference; fileEncoding = 4; lastKnownFileType = sourcecode.c.h; path = quarz.h; sourceTree = "<group>"; };
		578D123C1582B03F003F64E5 /* SPORT.cpp */ = {isa = PBXFileReference; fileEncoding = 4; lastKnownFileType = sourcecode.cpp.cpp; path = SPORT.cpp; sourceTree = "<group>"; };
		578D123D1582B03F003F64E5 /* SPORT.h */ = {isa = PBXFileReference; fileEncoding = 4; lastKnownFileType = sourcecode.c.h; path = SPORT.h; sourceTree = "<group>"; };
		578D123E1582B03F003F64E5 /* types.h */ = {isa = PBXFileReference; fileEncoding = 4; lastKnownFileType = sourcecode.c.h; path = types.h; sourceTree = "<group>"; };
		578D123F1582B03F003F64E5 /* vdlp.cpp */ = {isa = PBXFileReference; fileEncoding = 4; lastKnownFileType = sourcecode.cpp.cpp; path = vdlp.cpp; sourceTree = "<group>"; };
		578D12401582B03F003F64E5 /* vdlp.h */ = {isa = PBXFileReference; fileEncoding = 4; lastKnownFileType = sourcecode.c.h; path = vdlp.h; sourceTree = "<group>"; };
		578D12411582B03F003F64E5 /* XBUS.cpp */ = {isa = PBXFileReference; fileEncoding = 4; lastKnownFileType = sourcecode.cpp.cpp; path = XBUS.cpp; sourceTree = "<group>"; };
		578D12421582B03F003F64E5 /* XBUS.h */ = {isa = PBXFileReference; fileEncoding = 4; lastKnownFileType = sourcecode.c.h; path = XBUS.h; sourceTree = "<group>"; };
		826FE0F31014D8930023A8E9 /* FreeDOGameCore.h */ = {isa = PBXFileReference; fileEncoding = 4; lastKnownFileType = sourcecode.c.h; path = FreeDOGameCore.h; sourceTree = "<group>"; };
		826FE0F41014D8930023A8E9 /* FreeDOGameCore.mm */ = {isa = PBXFileReference; fileEncoding = 4; lastKnownFileType = sourcecode.cpp.objcpp; path = FreeDOGameCore.mm; sourceTree = "<group>"; };
		82B91C841015267F007BD6DB /* libco.a */ = {isa = PBXFileReference; lastKnownFileType = archive.ar; path = libco.a; sourceTree = "<group>"; };
		8D5B49B7048680CD000E48DA /* Info.plist */ = {isa = PBXFileReference; fileEncoding = 4; lastKnownFileType = text.plist.xml; path = Info.plist; sourceTree = "<group>"; };
		942597C415146FF40074E3A3 /* OpenEmuBase.framework */ = {isa = PBXFileReference; lastKnownFileType = wrapper.framework; path = OpenEmuBase.framework; sourceTree = BUILT_PRODUCTS_DIR; };
		94551A0E19A570170080929A /* frame.cpp */ = {isa = PBXFileReference; fileEncoding = 4; lastKnownFileType = sourcecode.cpp.cpp; path = frame.cpp; sourceTree = "<group>"; };
		94551A0F19A570170080929A /* frame.h */ = {isa = PBXFileReference; fileEncoding = 4; lastKnownFileType = sourcecode.c.h; path = frame.h; sourceTree = "<group>"; };
		B3D1801628963F5C001207AF /* libfreedo.a */ = {isa = PBXFileReference; explicitFileType = archive.ar; includeInIndex = 0; path = libfreedo.a; sourceTree = BUILT_PRODUCTS_DIR; };
		B3D1804628963FEF001207AF /* PVFreeDO.framework */ = {isa = PBXFileReference; explicitFileType = wrapper.framework; includeInIndex = 0; path = PVFreeDO.framework; sourceTree = BUILT_PRODUCTS_DIR; };
		B3D1804828963FF0001207AF /* FreeDO.h */ = {isa = PBXFileReference; lastKnownFileType = sourcecode.c.h; path = FreeDO.h; sourceTree = "<group>"; };
		B3D1805C289640D2001207AF /* BuildFlags.xcconfig */ = {isa = PBXFileReference; lastKnownFileType = text.xcconfig; path = BuildFlags.xcconfig; sourceTree = "<group>"; };
		B3D18069289642B4001207AF /* UIKit.framework */ = {isa = PBXFileReference; lastKnownFileType = wrapper.framework; name = UIKit.framework; path = System/iOSSupport/System/Library/Frameworks/UIKit.framework; sourceTree = SDKROOT; };
		B3D1806B289642BB001207AF /* OpenGLES.framework */ = {isa = PBXFileReference; lastKnownFileType = wrapper.framework; name = OpenGLES.framework; path = Platforms/iPhoneOS.platform/Developer/SDKs/iPhoneOS16.0.sdk/System/Library/Frameworks/OpenGLES.framework; sourceTree = DEVELOPER_DIR; };
		B3D1806C289642BB001207AF /* OpenGL.framework */ = {isa = PBXFileReference; lastKnownFileType = wrapper.framework; name = OpenGL.framework; path = System/Library/Frameworks/OpenGL.framework; sourceTree = SDKROOT; };
		B3D1806F289642C2001207AF /* PVSupport.framework */ = {isa = PBXFileReference; explicitFileType = wrapper.framework; path = PVSupport.framework; sourceTree = BUILT_PRODUCTS_DIR; };
		B3D18073289642D0001207AF /* UIKit.framework */ = {isa = PBXFileReference; lastKnownFileType = wrapper.framework; name = UIKit.framework; path = Platforms/AppleTVOS.platform/Developer/SDKs/AppleTVOS16.0.sdk/System/Library/Frameworks/UIKit.framework; sourceTree = DEVELOPER_DIR; };
		B3D18075289642D7001207AF /* OpenGLES.framework */ = {isa = PBXFileReference; lastKnownFileType = wrapper.framework; name = OpenGLES.framework; path = Platforms/AppleTVOS.platform/Developer/SDKs/AppleTVOS16.0.sdk/System/Library/Frameworks/OpenGLES.framework; sourceTree = DEVELOPER_DIR; };
		B3D18077289642E6001207AF /* PVSupport.framework */ = {isa = PBXFileReference; explicitFileType = wrapper.framework; path = PVSupport.framework; sourceTree = BUILT_PRODUCTS_DIR; };
		B3D1808C289643C4001207AF /* Core.plist */ = {isa = PBXFileReference; fileEncoding = 4; lastKnownFileType = text.plist.xml; name = Core.plist; path = FreeDO/Core.plist; sourceTree = "<group>"; };
		D2F7E65807B2D6F200F64583 /* CoreData.framework */ = {isa = PBXFileReference; lastKnownFileType = wrapper.framework; name = CoreData.framework; path = System/Library/Frameworks/CoreData.framework; sourceTree = SDKROOT; };
/* End PBXFileReference section */

/* Begin PBXFrameworksBuildPhase section */
		575ACC241582D4F000EAC45A /* Frameworks */ = {
			isa = PBXFrameworksBuildPhase;
			buildActionMask = 2147483647;
			files = (
			);
			runOnlyForDeploymentPostprocessing = 0;
		};
		B3D1801328963F5C001207AF /* Frameworks */ = {
			isa = PBXFrameworksBuildPhase;
			buildActionMask = 2147483647;
			files = (
			);
			runOnlyForDeploymentPostprocessing = 0;
		};
		B3D1804328963FEF001207AF /* Frameworks */ = {
			isa = PBXFrameworksBuildPhase;
			buildActionMask = 2147483647;
			files = (
				B3AFCF5A2977A66600A01010 /* PVLogging in Frameworks */,
				B3D1807B2896430B001207AF /* libfreedo.a in Frameworks */,
				B3D1806D289642BB001207AF /* OpenGLES.framework in Frameworks */,
				B3D18070289642C2001207AF /* PVSupport.framework in Frameworks */,
				B3D1806E289642BB001207AF /* OpenGL.framework in Frameworks */,
				B3D1807E2896430B001207AF /* liblibcue.a in Frameworks */,
			);
			runOnlyForDeploymentPostprocessing = 0;
		};
/* End PBXFrameworksBuildPhase section */

/* Begin PBXGroup section */
		089C166AFE841209C02AAC07 /* BSNES */ = {
			isa = PBXGroup;
			children = (
				B3D1805C289640D2001207AF /* BuildFlags.xcconfig */,
				08FB77AFFE84173DC02AAC07 /* Classes */,
				089C167CFE841241C02AAC07 /* Resources */,
				089C1671FE841209C02AAC07 /* Frameworks and Libraries */,
				B3D1804728963FF0001207AF /* FreeDO */,
				19C28FB8FE9D52D311CA2CBB /* Products */,
				B3D18068289642B2001207AF /* Frameworks */,
			);
			name = BSNES;
			sourceTree = "<group>";
			usesTabs = 0;
		};
		089C1671FE841209C02AAC07 /* Frameworks and Libraries */ = {
			isa = PBXGroup;
			children = (
				1058C7ACFEA557BF11CA2CBB /* Linked Frameworks */,
				1058C7AEFEA557BF11CA2CBB /* Other Frameworks */,
			);
			name = "Frameworks and Libraries";
			sourceTree = "<group>";
		};
		089C167CFE841241C02AAC07 /* Resources */ = {
			isa = PBXGroup;
			children = (
				B3D1808C289643C4001207AF /* Core.plist */,
				8D5B49B7048680CD000E48DA /* Info.plist */,
				089C167DFE841241C02AAC07 /* InfoPlist.strings */,
			);
			name = Resources;
			sourceTree = "<group>";
		};
		08FB77AFFE84173DC02AAC07 /* Classes */ = {
			isa = PBXGroup;
			children = (
				575ACBE01582C37400EAC45A /* libcue */,
				578D12261582B03E003F64E5 /* libfreedo */,
				826FE0F31014D8930023A8E9 /* FreeDOGameCore.h */,
				826FE0F41014D8930023A8E9 /* FreeDOGameCore.mm */,
			);
			name = Classes;
			sourceTree = "<group>";
		};
		1058C7ACFEA557BF11CA2CBB /* Linked Frameworks */ = {
			isa = PBXGroup;
			children = (
				942597C415146FF40074E3A3 /* OpenEmuBase.framework */,
				82B91C841015267F007BD6DB /* libco.a */,
				1058C7ADFEA557BF11CA2CBB /* Cocoa.framework */,
			);
			name = "Linked Frameworks";
			sourceTree = "<group>";
		};
		1058C7AEFEA557BF11CA2CBB /* Other Frameworks */ = {
			isa = PBXGroup;
			children = (
				089C167FFE841241C02AAC07 /* AppKit.framework */,
				D2F7E65807B2D6F200F64583 /* CoreData.framework */,
				089C1672FE841209C02AAC07 /* Foundation.framework */,
			);
			name = "Other Frameworks";
			sourceTree = "<group>";
		};
		19C28FB8FE9D52D311CA2CBB /* Products */ = {
			isa = PBXGroup;
			children = (
				575ACC271582D4F000EAC45A /* liblibcue.a */,
				B3D1801628963F5C001207AF /* libfreedo.a */,
				B3D1804628963FEF001207AF /* PVFreeDO.framework */,
			);
			name = Products;
			sourceTree = "<group>";
		};
		575ACBE01582C37400EAC45A /* libcue */ = {
			isa = PBXGroup;
			children = (
				575ACBE81582C37400EAC45A /* cd.c */,
				575ACBEA1582C37400EAC45A /* cdtext.c */,
				575ACBEC1582C37400EAC45A /* cue_parser.c */,
				575ACBEF1582C37400EAC45A /* cue_scanner.c */,
				575ACBF71582C37400EAC45A /* rem.c */,
				575ACBF91582C37400EAC45A /* time.c */,
				575ACBE91582C37400EAC45A /* cd.h */,
				575ACBEB1582C37400EAC45A /* cdtext.h */,
				575ACC0E1582C3A100EAC45A /* config.h */,
				575ACBED1582C37400EAC45A /* cue_parser.h */,
				575ACBF11582C37400EAC45A /* libcue.h */,
				575ACBF81582C37400EAC45A /* rem.h */,
				575ACBFA1582C37400EAC45A /* time.h */,
				575ACBF01582C37400EAC45A /* cue_scanner.lm */,
				575ACBEE1582C37400EAC45A /* cue_parser.ym */,
			);
			name = libcue;
			path = "libcue-1.4.0/src/libcue";
			sourceTree = "<group>";
		};
		578D12261582B03E003F64E5 /* libfreedo */ = {
			isa = PBXGroup;
			children = (
				578D12271582B03E003F64E5 /* _3do_sys.cpp */,
				578D12281582B03E003F64E5 /* arm.cpp */,
				578D122A1582B03E003F64E5 /* bitop.cpp */,
				578D122C1582B03E003F64E5 /* Clio.cpp */,
				578D122E1582B03E003F64E5 /* DiagPort.cpp */,
				578D12301582B03E003F64E5 /* DSP.cpp */,
				94551A0E19A570170080929A /* frame.cpp */,
				578D12341582B03F003F64E5 /* Iso.cpp */,
				578D12371582B03F003F64E5 /* Madam.cpp */,
				578D123A1582B03F003F64E5 /* quarz.cpp */,
				578D123C1582B03F003F64E5 /* SPORT.cpp */,
				578D123F1582B03F003F64E5 /* vdlp.cpp */,
				578D12411582B03F003F64E5 /* XBUS.cpp */,
				578D12291582B03E003F64E5 /* arm.h */,
				578D122B1582B03E003F64E5 /* bitop.h */,
				578D122D1582B03E003F64E5 /* Clio.h */,
				578D122F1582B03E003F64E5 /* DiagPort.h */,
				578D12311582B03E003F64E5 /* DSP.h */,
				94551A0F19A570170080929A /* frame.h */,
				578D12321582B03E003F64E5 /* freedoconfig.h */,
				578D12331582B03F003F64E5 /* freedocore.h */,
				578D12351582B03F003F64E5 /* IsoXBUS.h */,
				578D12381582B03F003F64E5 /* Madam.h */,
				578D123B1582B03F003F64E5 /* quarz.h */,
				578D123D1582B03F003F64E5 /* SPORT.h */,
				578D123E1582B03F003F64E5 /* types.h */,
				578D12401582B03F003F64E5 /* vdlp.h */,
				578D12421582B03F003F64E5 /* XBUS.h */,
			);
			path = libfreedo;
			sourceTree = "<group>";
		};
		B3D1804728963FF0001207AF /* FreeDO */ = {
			isa = PBXGroup;
			children = (
				B3D1804828963FF0001207AF /* FreeDO.h */,
			);
			path = FreeDO;
			sourceTree = "<group>";
		};
		B3D18068289642B2001207AF /* Frameworks */ = {
			isa = PBXGroup;
			children = (
				B3D18077289642E6001207AF /* PVSupport.framework */,
				B3D18075289642D7001207AF /* OpenGLES.framework */,
				B3D18073289642D0001207AF /* UIKit.framework */,
				B3D1806F289642C2001207AF /* PVSupport.framework */,
				B3D1806C289642BB001207AF /* OpenGL.framework */,
				B3D1806B289642BB001207AF /* OpenGLES.framework */,
				B3D18069289642B4001207AF /* UIKit.framework */,
			);
			name = Frameworks;
			sourceTree = "<group>";
		};
/* End PBXGroup section */

/* Begin PBXHeadersBuildPhase section */
		575ACC251582D4F000EAC45A /* Headers */ = {
			isa = PBXHeadersBuildPhase;
			buildActionMask = 2147483647;
			files = (
			);
			runOnlyForDeploymentPostprocessing = 0;
		};
		B3D1804128963FEF001207AF /* Headers */ = {
			isa = PBXHeadersBuildPhase;
			buildActionMask = 2147483647;
			files = (
				B3D1804928963FF0001207AF /* FreeDO.h in Headers */,
				B3D1808728964341001207AF /* FreeDOGameCore.h in Headers */,
			);
			runOnlyForDeploymentPostprocessing = 0;
		};
/* End PBXHeadersBuildPhase section */

/* Begin PBXNativeTarget section */
		575ACC261582D4F000EAC45A /* libcue */ = {
			isa = PBXNativeTarget;
			buildConfigurationList = 575ACC281582D4F000EAC45A /* Build configuration list for PBXNativeTarget "libcue" */;
			buildPhases = (
				575ACC231582D4F000EAC45A /* Sources */,
				575ACC241582D4F000EAC45A /* Frameworks */,
				575ACC251582D4F000EAC45A /* Headers */,
			);
			buildRules = (
			);
			dependencies = (
			);
			name = libcue;
			productName = libcue;
			productReference = 575ACC271582D4F000EAC45A /* liblibcue.a */;
			productType = "com.apple.product-type.library.static";
		};
		B3D1801528963F5C001207AF /* freedo */ = {
			isa = PBXNativeTarget;
			buildConfigurationList = B3D1801E28963F5D001207AF /* Build configuration list for PBXNativeTarget "freedo" */;
			buildPhases = (
				B3D1801228963F5C001207AF /* Sources */,
				B3D1801328963F5C001207AF /* Frameworks */,
				B3D1801428963F5C001207AF /* CopyFiles */,
			);
			buildRules = (
			);
			dependencies = (
			);
			name = freedo;
			productName = freedo;
			productReference = B3D1801628963F5C001207AF /* libfreedo.a */;
			productType = "com.apple.product-type.library.static";
		};
		B3D1804528963FEF001207AF /* PVFreeDO */ = {
			isa = PBXNativeTarget;
			buildConfigurationList = B3D1804A28963FF0001207AF /* Build configuration list for PBXNativeTarget "PVFreeDO" */;
			buildPhases = (
				B3D1804128963FEF001207AF /* Headers */,
				B3D1804228963FEF001207AF /* Sources */,
				B3D1804328963FEF001207AF /* Frameworks */,
				B3D1804428963FEF001207AF /* Resources */,
			);
			buildRules = (
			);
			dependencies = (
				B3D1807D2896430B001207AF /* PBXTargetDependency */,
				B3D180802896430C001207AF /* PBXTargetDependency */,
			);
			name = PVFreeDO;
			packageProductDependencies = (
				B3AFCF592977A66600A01010 /* PVLogging */,
			);
			productName = FreeDO;
			productReference = B3D1804628963FEF001207AF /* PVFreeDO.framework */;
			productType = "com.apple.product-type.framework";
		};
/* End PBXNativeTarget section */

/* Begin PBXProject section */
		089C1669FE841209C02AAC07 /* Project object */ = {
			isa = PBXProject;
			attributes = {
				LastUpgradeCheck = 0700;
				TargetAttributes = {
					B3D1801528963F5C001207AF = {
						CreatedOnToolsVersion = 14.0;
					};
					B3D1804528963FEF001207AF = {
						CreatedOnToolsVersion = 14.0;
					};
				};
			};
			buildConfigurationList = 1DEB913E08733D840010E9CD /* Build configuration list for PBXProject "PV4DO" */;
			compatibilityVersion = "Xcode 3.2";
			developmentRegion = en;
			hasScannedForEncodings = 1;
			knownRegions = (
				en,
			);
			mainGroup = 089C166AFE841209C02AAC07 /* BSNES */;
			projectDirPath = "";
			projectRoot = "";
			targets = (
				B3D1804528963FEF001207AF /* PVFreeDO */,
				575ACC261582D4F000EAC45A /* libcue */,
				B3D1801528963F5C001207AF /* freedo */,
			);
		};
/* End PBXProject section */

/* Begin PBXResourcesBuildPhase section */
		B3D1804428963FEF001207AF /* Resources */ = {
			isa = PBXResourcesBuildPhase;
			buildActionMask = 2147483647;
			files = (
				B3D1808D289643C5001207AF /* Core.plist in Resources */,
			);
			runOnlyForDeploymentPostprocessing = 0;
		};
/* End PBXResourcesBuildPhase section */

/* Begin PBXSourcesBuildPhase section */
		575ACC231582D4F000EAC45A /* Sources */ = {
			isa = PBXSourcesBuildPhase;
			buildActionMask = 2147483647;
			files = (
				575ACC2D1582D50400EAC45A /* cd.c in Sources */,
				575ACC2E1582D50400EAC45A /* cdtext.c in Sources */,
				B3DEEF822942CDE800A6957C /* cue_scanner.c in Sources */,
				575ACC331582D50400EAC45A /* rem.c in Sources */,
				B3DEEF812942CDC600A6957C /* cue_parser.c in Sources */,
				575ACC341582D50400EAC45A /* time.c in Sources */,
			);
			runOnlyForDeploymentPostprocessing = 0;
		};
		B3D1801228963F5C001207AF /* Sources */ = {
			isa = PBXSourcesBuildPhase;
			buildActionMask = 2147483647;
			files = (
				B3D1802528963F7D001207AF /* vdlp.cpp in Sources */,
				B3D1802228963F7D001207AF /* Clio.cpp in Sources */,
				B3D1802B28963F7D001207AF /* bitop.cpp in Sources */,
				B3D1802028963F7D001207AF /* Madam.cpp in Sources */,
				B3D1802928963F7D001207AF /* frame.cpp in Sources */,
				B3D1802728963F7D001207AF /* arm.cpp in Sources */,
				B3D1802628963F7D001207AF /* Iso.cpp in Sources */,
				B3D1802A28963F7D001207AF /* SPORT.cpp in Sources */,
				B3D1802828963F7D001207AF /* DiagPort.cpp in Sources */,
				B3D1802328963F7D001207AF /* DSP.cpp in Sources */,
				B3D1802428963F7D001207AF /* XBUS.cpp in Sources */,
				B3D1802128963F7D001207AF /* _3do_sys.cpp in Sources */,
				B3D1801F28963F7D001207AF /* quarz.cpp in Sources */,
			);
			runOnlyForDeploymentPostprocessing = 0;
		};
		B3D1804228963FEF001207AF /* Sources */ = {
			isa = PBXSourcesBuildPhase;
			buildActionMask = 2147483647;
			files = (
				B3D1804D28964018001207AF /* FreeDOGameCore.mm in Sources */,
			);
			runOnlyForDeploymentPostprocessing = 0;
		};
/* End PBXSourcesBuildPhase section */

/* Begin PBXTargetDependency section */
		B3D1807D2896430B001207AF /* PBXTargetDependency */ = {
			isa = PBXTargetDependency;
			target = B3D1801528963F5C001207AF /* freedo */;
			targetProxy = B3D1807C2896430B001207AF /* PBXContainerItemProxy */;
		};
		B3D180802896430C001207AF /* PBXTargetDependency */ = {
			isa = PBXTargetDependency;
			target = 575ACC261582D4F000EAC45A /* libcue */;
			targetProxy = B3D1807F2896430C001207AF /* PBXContainerItemProxy */;
		};
/* End PBXTargetDependency section */

/* Begin PBXVariantGroup section */
		089C167DFE841241C02AAC07 /* InfoPlist.strings */ = {
			isa = PBXVariantGroup;
			children = (
				089C167EFE841241C02AAC07 /* en */,
			);
			name = InfoPlist.strings;
			sourceTree = "<group>";
		};
/* End PBXVariantGroup section */

/* Begin XCBuildConfiguration section */
		1DEB913F08733D840010E9CD /* Debug */ = {
			isa = XCBuildConfiguration;
			baseConfigurationReference = B3D1805C289640D2001207AF /* BuildFlags.xcconfig */;
			buildSettings = {
				ALLOW_TARGET_PLATFORM_SPECIALIZATION = YES;
				ALWAYS_SEARCH_USER_PATHS = NO;
				CLANG_CXX_LANGUAGE_STANDARD = "compiler-default";
				CLANG_ENABLE_MODULES = YES;
				CLANG_ENABLE_OBJC_ARC = YES;
				CLANG_WARN_BOOL_CONVERSION = YES;
				CLANG_WARN_CONSTANT_CONVERSION = YES;
				CLANG_WARN_EMPTY_BODY = YES;
				CLANG_WARN_ENUM_CONVERSION = YES;
				CLANG_WARN_INT_CONVERSION = YES;
				CLANG_WARN_UNREACHABLE_CODE = YES;
				CLANG_WARN__DUPLICATE_METHOD_MATCH = YES;
				COPY_PHASE_STRIP = NO;
				DEAD_CODE_STRIPPING = YES;
				DEBUG_INFORMATION_FORMAT = "dwarf-with-dsym";
				ENABLE_STRICT_OBJC_MSGSEND = YES;
				ENABLE_TESTABILITY = NO;
				GCC_C_LANGUAGE_STANDARD = c99;
				GCC_INCREASE_PRECOMPILED_HEADER_SHARING = YES;
				GCC_OPTIMIZATION_LEVEL = 0;
				GCC_SYMBOLS_PRIVATE_EXTERN = YES;
				GCC_VERSION = com.apple.compilers.llvm.clang.1_0;
				GCC_WARN_64_TO_32_BIT_CONVERSION = YES;
				GCC_WARN_ABOUT_RETURN_TYPE = YES;
				GCC_WARN_UNDECLARED_SELECTOR = YES;
				GCC_WARN_UNINITIALIZED_AUTOS = YES;
				GCC_WARN_UNUSED_FUNCTION = YES;
				GCC_WARN_UNUSED_VARIABLE = YES;
				HEADER_SEARCH_PATHS = (
					"$(inherited)",
					"\"$(PROJECT_DIR)/core/lib/\"",
					"\"$(PROJECT_DIR)/core/\"",
					"\"$(PROJECT_DIR)/libfreedo\"",
					"\"$(PROJECT_DIR)/libcue/\"/**",
				);
				IPHONEOS_DEPLOYMENT_TARGET = 13.0;
				LIBRARY_SEARCH_PATHS = (
					"$(inherited)",
					"\"$(SRCROOT)\"",
					"\"$(SRCROOT)/libfreedo\"",
				);
				MACOSX_DEPLOYMENT_TARGET = 10.13;
				ONLY_ACTIVE_ARCH = YES;
				SDKROOT = auto;
				SUPPORTED_PLATFORMS = "watchsimulator watchos macosx iphonesimulator iphoneos appletvsimulator appletvos";
				SUPPORTS_MACCATALYST = YES;
				TVOS_DEPLOYMENT_TARGET = 13.0;
				USER_HEADER_SEARCH_PATHS = (
					"\"$(PROJECT_DIR)/core/\"",
					"\"$(PROJECT_DIR)/libcue/\"/**",
					"\"$(PROJECT_DIR)/libfreedo/\"",
				);
			};
			name = Debug;
		};
		1DEB914008733D840010E9CD /* Release */ = {
			isa = XCBuildConfiguration;
			baseConfigurationReference = B3D1805C289640D2001207AF /* BuildFlags.xcconfig */;
			buildSettings = {
				ALLOW_TARGET_PLATFORM_SPECIALIZATION = YES;
				ALWAYS_SEARCH_USER_PATHS = NO;
				CLANG_CXX_LANGUAGE_STANDARD = "compiler-default";
				CLANG_ENABLE_MODULES = YES;
				CLANG_ENABLE_OBJC_ARC = YES;
				CLANG_WARN_BOOL_CONVERSION = YES;
				CLANG_WARN_CONSTANT_CONVERSION = YES;
				CLANG_WARN_EMPTY_BODY = YES;
				CLANG_WARN_ENUM_CONVERSION = YES;
				CLANG_WARN_INT_CONVERSION = YES;
				CLANG_WARN_UNREACHABLE_CODE = YES;
				CLANG_WARN__DUPLICATE_METHOD_MATCH = YES;
				DEAD_CODE_STRIPPING = YES;
				DEBUG_INFORMATION_FORMAT = "dwarf-with-dsym";
				ENABLE_STRICT_OBJC_MSGSEND = YES;
				ENABLE_TESTABILITY = NO;
				GCC_C_LANGUAGE_STANDARD = c99;
				GCC_INCREASE_PRECOMPILED_HEADER_SHARING = YES;
				GCC_OPTIMIZATION_LEVEL = 3;
				GCC_SYMBOLS_PRIVATE_EXTERN = YES;
				GCC_VERSION = com.apple.compilers.llvm.clang.1_0;
				GCC_WARN_64_TO_32_BIT_CONVERSION = YES;
				GCC_WARN_ABOUT_RETURN_TYPE = YES;
				GCC_WARN_UNDECLARED_SELECTOR = YES;
				GCC_WARN_UNINITIALIZED_AUTOS = YES;
				GCC_WARN_UNUSED_FUNCTION = YES;
				GCC_WARN_UNUSED_VARIABLE = YES;
				HEADER_SEARCH_PATHS = (
					"$(inherited)",
					"\"$(PROJECT_DIR)/core/lib/\"",
					"\"$(PROJECT_DIR)/core/\"",
					"\"$(PROJECT_DIR)/libfreedo\"",
					"\"$(PROJECT_DIR)/libcue/\"/**",
				);
				IPHONEOS_DEPLOYMENT_TARGET = 13.0;
				LIBRARY_SEARCH_PATHS = (
					"$(inherited)",
					"\"$(SRCROOT)\"",
					"\"$(SRCROOT)/libfreedo\"",
				);
				MACOSX_DEPLOYMENT_TARGET = 10.13;
				SDKROOT = auto;
				SUPPORTED_PLATFORMS = "watchsimulator watchos macosx iphonesimulator iphoneos appletvsimulator appletvos";
				SUPPORTS_MACCATALYST = YES;
				TVOS_DEPLOYMENT_TARGET = 13.0;
				USER_HEADER_SEARCH_PATHS = (
					"\"$(PROJECT_DIR)/core/\"",
					"\"$(PROJECT_DIR)/libcue/\"/**",
					"\"$(PROJECT_DIR)/libfreedo/\"",
				);
			};
			name = Release;
		};
		575ACC291582D4F000EAC45A /* Debug */ = {
			isa = XCBuildConfiguration;
			buildSettings = {
				COMBINE_HIDPI_IMAGES = YES;
				COPY_PHASE_STRIP = NO;
				ENABLE_BITCODE = NO;
				EXECUTABLE_PREFIX = lib;
				GCC_DYNAMIC_NO_PIC = NO;
				GCC_ENABLE_OBJC_EXCEPTIONS = YES;
				GCC_PREPROCESSOR_DEFINITIONS = (
					"DEBUG=1",
					"$(inherited)",
				);
				GCC_SYMBOLS_PRIVATE_EXTERN = NO;
				GCC_WARN_64_TO_32_BIT_CONVERSION = YES;
				GCC_WARN_UNINITIALIZED_AUTOS = YES;
				PRODUCT_NAME = "$(TARGET_NAME)";
				SKIP_INSTALL = YES;
				SUPPORTS_MACCATALYST = YES;
				TARGETED_DEVICE_FAMILY = "1,2,3,4,6";
			};
			name = Debug;
		};
		575ACC2A1582D4F000EAC45A /* Release */ = {
			isa = XCBuildConfiguration;
			buildSettings = {
				COMBINE_HIDPI_IMAGES = YES;
				COPY_PHASE_STRIP = YES;
				ENABLE_BITCODE = NO;
				EXECUTABLE_PREFIX = lib;
				GCC_ENABLE_OBJC_EXCEPTIONS = YES;
				GCC_WARN_64_TO_32_BIT_CONVERSION = YES;
				GCC_WARN_UNINITIALIZED_AUTOS = YES;
				PRODUCT_NAME = "$(TARGET_NAME)";
				SKIP_INSTALL = YES;
				SUPPORTS_MACCATALYST = YES;
				TARGETED_DEVICE_FAMILY = "1,2,3,4,6";
			};
			name = Release;
		};
		B3AF0E2F29404FBC00F96B9F /* Archive */ = {
			isa = XCBuildConfiguration;
			baseConfigurationReference = B3D1805C289640D2001207AF /* BuildFlags.xcconfig */;
			buildSettings = {
				ALLOW_TARGET_PLATFORM_SPECIALIZATION = YES;
				ALWAYS_SEARCH_USER_PATHS = NO;
				CLANG_CXX_LANGUAGE_STANDARD = "compiler-default";
				CLANG_ENABLE_MODULES = YES;
				CLANG_ENABLE_OBJC_ARC = YES;
				CLANG_WARN_BOOL_CONVERSION = YES;
				CLANG_WARN_CONSTANT_CONVERSION = YES;
				CLANG_WARN_EMPTY_BODY = YES;
				CLANG_WARN_ENUM_CONVERSION = YES;
				CLANG_WARN_INT_CONVERSION = YES;
				CLANG_WARN_UNREACHABLE_CODE = YES;
				CLANG_WARN__DUPLICATE_METHOD_MATCH = YES;
				DEAD_CODE_STRIPPING = YES;
				DEBUG_INFORMATION_FORMAT = "dwarf-with-dsym";
				ENABLE_STRICT_OBJC_MSGSEND = YES;
				ENABLE_TESTABILITY = NO;
				GCC_C_LANGUAGE_STANDARD = c99;
				GCC_INCREASE_PRECOMPILED_HEADER_SHARING = YES;
				GCC_OPTIMIZATION_LEVEL = 3;
				GCC_SYMBOLS_PRIVATE_EXTERN = YES;
				GCC_VERSION = com.apple.compilers.llvm.clang.1_0;
				GCC_WARN_64_TO_32_BIT_CONVERSION = YES;
				GCC_WARN_ABOUT_RETURN_TYPE = YES;
				GCC_WARN_UNDECLARED_SELECTOR = YES;
				GCC_WARN_UNINITIALIZED_AUTOS = YES;
				GCC_WARN_UNUSED_FUNCTION = YES;
				GCC_WARN_UNUSED_VARIABLE = YES;
				HEADER_SEARCH_PATHS = (
					"$(inherited)",
					"\"$(PROJECT_DIR)/core/lib/\"",
					"\"$(PROJECT_DIR)/core/\"",
					"\"$(PROJECT_DIR)/libfreedo\"",
					"\"$(PROJECT_DIR)/libcue/\"/**",
				);
				IPHONEOS_DEPLOYMENT_TARGET = 13.0;
				LIBRARY_SEARCH_PATHS = (
					"$(inherited)",
					"\"$(SRCROOT)\"",
					"\"$(SRCROOT)/libfreedo\"",
				);
				MACOSX_DEPLOYMENT_TARGET = 10.13;
				SDKROOT = auto;
				SUPPORTED_PLATFORMS = "watchsimulator watchos macosx iphonesimulator iphoneos appletvsimulator appletvos";
				SUPPORTS_MACCATALYST = YES;
				TVOS_DEPLOYMENT_TARGET = 13.0;
				USER_HEADER_SEARCH_PATHS = (
					"\"$(PROJECT_DIR)/core/\"",
					"\"$(PROJECT_DIR)/libcue/\"/**",
					"\"$(PROJECT_DIR)/libfreedo/\"",
				);
			};
			name = Archive;
		};
		B3AF0E3029404FBC00F96B9F /* Archive */ = {
			isa = XCBuildConfiguration;
			buildSettings = {
				ALLOW_TARGET_PLATFORM_SPECIALIZATION = YES;
				CLANG_ANALYZER_NONNULL = YES;
				CLANG_ANALYZER_NUMBER_OBJECT_CONVERSION = YES_AGGRESSIVE;
				CLANG_ENABLE_OBJC_WEAK = YES;
				CLANG_WARN_BLOCK_CAPTURE_AUTORELEASING = YES;
				CLANG_WARN_COMMA = YES;
				CLANG_WARN_DEPRECATED_OBJC_IMPLEMENTATIONS = YES;
				CLANG_WARN_DIRECT_OBJC_ISA_USAGE = YES_ERROR;
				CLANG_WARN_DOCUMENTATION_COMMENTS = YES;
				CLANG_WARN_INFINITE_RECURSION = YES;
				CLANG_WARN_NON_LITERAL_NULL_CONVERSION = YES;
				CLANG_WARN_OBJC_IMPLICIT_RETAIN_SELF = YES;
				CLANG_WARN_OBJC_LITERAL_CONVERSION = YES;
				CLANG_WARN_OBJC_ROOT_CLASS = YES_ERROR;
				CLANG_WARN_QUOTED_INCLUDE_IN_FRAMEWORK_HEADER = YES;
				CLANG_WARN_RANGE_LOOP_ANALYSIS = YES;
				CLANG_WARN_STRICT_PROTOTYPES = YES;
				CLANG_WARN_SUSPICIOUS_MOVE = YES;
				CLANG_WARN_UNGUARDED_AVAILABILITY = YES_AGGRESSIVE;
				CODE_SIGN_IDENTITY = "Apple Development";
				CODE_SIGN_STYLE = Automatic;
				COPY_PHASE_STRIP = NO;
				CURRENT_PROJECT_VERSION = 1;
				DEFINES_MODULE = YES;
				DEVELOPMENT_TEAM = S32Z3HMYVQ;
				DYLIB_COMPATIBILITY_VERSION = 1;
				DYLIB_CURRENT_VERSION = 1;
				DYLIB_INSTALL_NAME_BASE = "@rpath";
				ENABLE_BITCODE = NO;
				ENABLE_NS_ASSERTIONS = NO;
				GCC_NO_COMMON_BLOCKS = YES;
				GCC_WARN_ABOUT_RETURN_TYPE = YES_ERROR;
				GCC_WARN_UNINITIALIZED_AUTOS = YES_AGGRESSIVE;
				GENERATE_INFOPLIST_FILE = YES;
				INFOPLIST_KEY_NSHumanReadableCopyright = "";
				INSTALL_PATH = "$(LOCAL_LIBRARY_DIR)/Frameworks";
				LD_RUNPATH_SEARCH_PATHS = (
					"$(inherited)",
					"@executable_path/Frameworks",
					"@loader_path/Frameworks",
				);
				"LD_RUNPATH_SEARCH_PATHS[sdk=macosx*]" = (
					"@executable_path/../Frameworks",
					"@loader_path/Frameworks",
				);
				MARKETING_VERSION = 1.0;
				MTL_ENABLE_DEBUG_INFO = NO;
				MTL_FAST_MATH = YES;
				PRODUCT_BUNDLE_IDENTIFIER = "com.provenance-emu.FreeDO";
				PRODUCT_NAME = PVFreeDO;
				PROVISIONING_PROFILE_SPECIFIER = "";
				SDKROOT = auto;
				SKIP_INSTALL = YES;
				SUPPORTED_PLATFORMS = "watchsimulator watchos macosx iphonesimulator iphoneos appletvsimulator appletvos";
				SUPPORTS_MACCATALYST = YES;
				SWIFT_EMIT_LOC_STRINGS = YES;
				TARGETED_DEVICE_FAMILY = "1,2,3,4,6";
				VALIDATE_PRODUCT = YES;
				VERSIONING_SYSTEM = "apple-generic";
				VERSION_INFO_PREFIX = "";
			};
			name = Archive;
		};
		B3AF0E3129404FBC00F96B9F /* Archive */ = {
			isa = XCBuildConfiguration;
			buildSettings = {
				COMBINE_HIDPI_IMAGES = YES;
				COPY_PHASE_STRIP = YES;
				ENABLE_BITCODE = NO;
				EXECUTABLE_PREFIX = lib;
				GCC_ENABLE_OBJC_EXCEPTIONS = YES;
				GCC_WARN_64_TO_32_BIT_CONVERSION = YES;
				GCC_WARN_UNINITIALIZED_AUTOS = YES;
				PRODUCT_NAME = "$(TARGET_NAME)";
				SKIP_INSTALL = YES;
				SUPPORTS_MACCATALYST = YES;
				TARGETED_DEVICE_FAMILY = "1,2,3,4,6";
			};
			name = Archive;
		};
		B3AF0E3229404FBC00F96B9F /* Archive */ = {
			isa = XCBuildConfiguration;
			buildSettings = {
				CLANG_ANALYZER_NONNULL = YES;
				CLANG_ANALYZER_NUMBER_OBJECT_CONVERSION = YES_AGGRESSIVE;
				CLANG_ENABLE_OBJC_WEAK = YES;
				CLANG_WARN_BLOCK_CAPTURE_AUTORELEASING = YES;
				CLANG_WARN_COMMA = YES;
				CLANG_WARN_DEPRECATED_OBJC_IMPLEMENTATIONS = YES;
				CLANG_WARN_DIRECT_OBJC_ISA_USAGE = YES_ERROR;
				CLANG_WARN_DOCUMENTATION_COMMENTS = YES;
				CLANG_WARN_INFINITE_RECURSION = YES;
				CLANG_WARN_NON_LITERAL_NULL_CONVERSION = YES;
				CLANG_WARN_OBJC_IMPLICIT_RETAIN_SELF = YES;
				CLANG_WARN_OBJC_LITERAL_CONVERSION = YES;
				CLANG_WARN_OBJC_ROOT_CLASS = YES_ERROR;
				CLANG_WARN_QUOTED_INCLUDE_IN_FRAMEWORK_HEADER = YES;
				CLANG_WARN_RANGE_LOOP_ANALYSIS = YES;
				CLANG_WARN_STRICT_PROTOTYPES = YES;
				CLANG_WARN_SUSPICIOUS_MOVE = YES;
				CLANG_WARN_UNGUARDED_AVAILABILITY = YES_AGGRESSIVE;
				COPY_PHASE_STRIP = NO;
				ENABLE_BITCODE = NO;
				ENABLE_NS_ASSERTIONS = NO;
				GCC_NO_COMMON_BLOCKS = YES;
				GCC_WARN_ABOUT_RETURN_TYPE = YES_ERROR;
				GCC_WARN_UNINITIALIZED_AUTOS = YES_AGGRESSIVE;
				MTL_ENABLE_DEBUG_INFO = NO;
				MTL_FAST_MATH = YES;
				PRODUCT_NAME = "$(TARGET_NAME)";
				SKIP_INSTALL = YES;
				SUPPORTS_MACCATALYST = YES;
				TARGETED_DEVICE_FAMILY = "1,2,3,4,6";
				VALIDATE_PRODUCT = YES;
			};
			name = Archive;
		};
		B3D1801C28963F5D001207AF /* Debug */ = {
			isa = XCBuildConfiguration;
			buildSettings = {
				CLANG_ANALYZER_NONNULL = YES;
				CLANG_ANALYZER_NUMBER_OBJECT_CONVERSION = YES_AGGRESSIVE;
				CLANG_ENABLE_OBJC_WEAK = YES;
				CLANG_WARN_BLOCK_CAPTURE_AUTORELEASING = YES;
				CLANG_WARN_COMMA = YES;
				CLANG_WARN_DEPRECATED_OBJC_IMPLEMENTATIONS = YES;
				CLANG_WARN_DIRECT_OBJC_ISA_USAGE = YES_ERROR;
				CLANG_WARN_DOCUMENTATION_COMMENTS = YES;
				CLANG_WARN_INFINITE_RECURSION = YES;
				CLANG_WARN_NON_LITERAL_NULL_CONVERSION = YES;
				CLANG_WARN_OBJC_IMPLICIT_RETAIN_SELF = YES;
				CLANG_WARN_OBJC_LITERAL_CONVERSION = YES;
				CLANG_WARN_OBJC_ROOT_CLASS = YES_ERROR;
				CLANG_WARN_QUOTED_INCLUDE_IN_FRAMEWORK_HEADER = YES;
				CLANG_WARN_RANGE_LOOP_ANALYSIS = YES;
				CLANG_WARN_STRICT_PROTOTYPES = YES;
				CLANG_WARN_SUSPICIOUS_MOVE = YES;
				CLANG_WARN_UNGUARDED_AVAILABILITY = YES_AGGRESSIVE;
				DEBUG_INFORMATION_FORMAT = dwarf;
				ENABLE_BITCODE = NO;
				ENABLE_TESTABILITY = YES;
				GCC_DYNAMIC_NO_PIC = NO;
				GCC_NO_COMMON_BLOCKS = YES;
				GCC_PREPROCESSOR_DEFINITIONS = (
					"DEBUG=1",
					"$(inherited)",
				);
				GCC_WARN_ABOUT_RETURN_TYPE = YES_ERROR;
				GCC_WARN_UNINITIALIZED_AUTOS = YES_AGGRESSIVE;
				MTL_ENABLE_DEBUG_INFO = INCLUDE_SOURCE;
				MTL_FAST_MATH = YES;
				PRODUCT_NAME = "$(TARGET_NAME)";
				SKIP_INSTALL = YES;
				SUPPORTS_MACCATALYST = YES;
				TARGETED_DEVICE_FAMILY = "1,2,3,4,6";
			};
			name = Debug;
		};
		B3D1801D28963F5D001207AF /* Release */ = {
			isa = XCBuildConfiguration;
			buildSettings = {
				CLANG_ANALYZER_NONNULL = YES;
				CLANG_ANALYZER_NUMBER_OBJECT_CONVERSION = YES_AGGRESSIVE;
				CLANG_ENABLE_OBJC_WEAK = YES;
				CLANG_WARN_BLOCK_CAPTURE_AUTORELEASING = YES;
				CLANG_WARN_COMMA = YES;
				CLANG_WARN_DEPRECATED_OBJC_IMPLEMENTATIONS = YES;
				CLANG_WARN_DIRECT_OBJC_ISA_USAGE = YES_ERROR;
				CLANG_WARN_DOCUMENTATION_COMMENTS = YES;
				CLANG_WARN_INFINITE_RECURSION = YES;
				CLANG_WARN_NON_LITERAL_NULL_CONVERSION = YES;
				CLANG_WARN_OBJC_IMPLICIT_RETAIN_SELF = YES;
				CLANG_WARN_OBJC_LITERAL_CONVERSION = YES;
				CLANG_WARN_OBJC_ROOT_CLASS = YES_ERROR;
				CLANG_WARN_QUOTED_INCLUDE_IN_FRAMEWORK_HEADER = YES;
				CLANG_WARN_RANGE_LOOP_ANALYSIS = YES;
				CLANG_WARN_STRICT_PROTOTYPES = YES;
				CLANG_WARN_SUSPICIOUS_MOVE = YES;
				CLANG_WARN_UNGUARDED_AVAILABILITY = YES_AGGRESSIVE;
				COPY_PHASE_STRIP = NO;
				ENABLE_BITCODE = NO;
				ENABLE_NS_ASSERTIONS = NO;
				GCC_NO_COMMON_BLOCKS = YES;
				GCC_WARN_ABOUT_RETURN_TYPE = YES_ERROR;
				GCC_WARN_UNINITIALIZED_AUTOS = YES_AGGRESSIVE;
				MTL_ENABLE_DEBUG_INFO = NO;
				MTL_FAST_MATH = YES;
				PRODUCT_NAME = "$(TARGET_NAME)";
				SKIP_INSTALL = YES;
				SUPPORTS_MACCATALYST = YES;
				TARGETED_DEVICE_FAMILY = "1,2,3,4,6";
				VALIDATE_PRODUCT = YES;
			};
			name = Release;
		};
		B3D1804B28963FF0001207AF /* Debug */ = {
			isa = XCBuildConfiguration;
			buildSettings = {
				ALLOW_TARGET_PLATFORM_SPECIALIZATION = YES;
				CLANG_ANALYZER_NONNULL = YES;
				CLANG_ANALYZER_NUMBER_OBJECT_CONVERSION = YES_AGGRESSIVE;
				CLANG_ENABLE_OBJC_WEAK = YES;
				CLANG_WARN_BLOCK_CAPTURE_AUTORELEASING = YES;
				CLANG_WARN_COMMA = YES;
				CLANG_WARN_DEPRECATED_OBJC_IMPLEMENTATIONS = YES;
				CLANG_WARN_DIRECT_OBJC_ISA_USAGE = YES_ERROR;
				CLANG_WARN_DOCUMENTATION_COMMENTS = YES;
				CLANG_WARN_INFINITE_RECURSION = YES;
				CLANG_WARN_NON_LITERAL_NULL_CONVERSION = YES;
				CLANG_WARN_OBJC_IMPLICIT_RETAIN_SELF = YES;
				CLANG_WARN_OBJC_LITERAL_CONVERSION = YES;
				CLANG_WARN_OBJC_ROOT_CLASS = YES_ERROR;
				CLANG_WARN_QUOTED_INCLUDE_IN_FRAMEWORK_HEADER = YES;
				CLANG_WARN_RANGE_LOOP_ANALYSIS = YES;
				CLANG_WARN_STRICT_PROTOTYPES = YES;
				CLANG_WARN_SUSPICIOUS_MOVE = YES;
				CLANG_WARN_UNGUARDED_AVAILABILITY = YES_AGGRESSIVE;
				CODE_SIGN_IDENTITY = "Apple Development";
				CODE_SIGN_STYLE = Automatic;
				CURRENT_PROJECT_VERSION = 1;
				DEBUG_INFORMATION_FORMAT = dwarf;
				DEFINES_MODULE = YES;
				DEVELOPMENT_TEAM = S32Z3HMYVQ;
				DYLIB_COMPATIBILITY_VERSION = 1;
				DYLIB_CURRENT_VERSION = 1;
				DYLIB_INSTALL_NAME_BASE = "@rpath";
				ENABLE_BITCODE = NO;
				ENABLE_TESTABILITY = YES;
				GCC_NO_COMMON_BLOCKS = YES;
				GCC_PREPROCESSOR_DEFINITIONS = (
					"DEBUG=1",
					"$(inherited)",
				);
				GCC_WARN_ABOUT_RETURN_TYPE = YES_ERROR;
				GCC_WARN_UNINITIALIZED_AUTOS = YES_AGGRESSIVE;
				GENERATE_INFOPLIST_FILE = YES;
				INFOPLIST_KEY_NSHumanReadableCopyright = "";
				INSTALL_PATH = "$(LOCAL_LIBRARY_DIR)/Frameworks";
				LD_RUNPATH_SEARCH_PATHS = (
					"$(inherited)",
					"@executable_path/Frameworks",
					"@loader_path/Frameworks",
				);
				"LD_RUNPATH_SEARCH_PATHS[sdk=macosx*]" = (
					"@executable_path/../Frameworks",
					"@loader_path/Frameworks",
				);
				MARKETING_VERSION = 1.0;
				MTL_ENABLE_DEBUG_INFO = INCLUDE_SOURCE;
				MTL_FAST_MATH = YES;
				PRODUCT_BUNDLE_IDENTIFIER = "com.provenance-emu.FreeDO";
				PRODUCT_NAME = PVFreeDO;
				PROVISIONING_PROFILE_SPECIFIER = "";
				SDKROOT = auto;
				SKIP_INSTALL = YES;
				SUPPORTED_PLATFORMS = "watchsimulator watchos macosx iphonesimulator iphoneos appletvsimulator appletvos";
				SUPPORTS_MACCATALYST = YES;
				SWIFT_EMIT_LOC_STRINGS = YES;
				TARGETED_DEVICE_FAMILY = "1,2,3,4,6";
				VERSIONING_SYSTEM = "apple-generic";
				VERSION_INFO_PREFIX = "";
			};
			name = Debug;
		};
		B3D1804C28963FF0001207AF /* Release */ = {
			isa = XCBuildConfiguration;
			buildSettings = {
				ALLOW_TARGET_PLATFORM_SPECIALIZATION = YES;
				CLANG_ANALYZER_NONNULL = YES;
				CLANG_ANALYZER_NUMBER_OBJECT_CONVERSION = YES_AGGRESSIVE;
				CLANG_ENABLE_OBJC_WEAK = YES;
				CLANG_WARN_BLOCK_CAPTURE_AUTORELEASING = YES;
				CLANG_WARN_COMMA = YES;
				CLANG_WARN_DEPRECATED_OBJC_IMPLEMENTATIONS = YES;
				CLANG_WARN_DIRECT_OBJC_ISA_USAGE = YES_ERROR;
				CLANG_WARN_DOCUMENTATION_COMMENTS = YES;
				CLANG_WARN_INFINITE_RECURSION = YES;
				CLANG_WARN_NON_LITERAL_NULL_CONVERSION = YES;
				CLANG_WARN_OBJC_IMPLICIT_RETAIN_SELF = YES;
				CLANG_WARN_OBJC_LITERAL_CONVERSION = YES;
				CLANG_WARN_OBJC_ROOT_CLASS = YES_ERROR;
				CLANG_WARN_QUOTED_INCLUDE_IN_FRAMEWORK_HEADER = YES;
				CLANG_WARN_RANGE_LOOP_ANALYSIS = YES;
				CLANG_WARN_STRICT_PROTOTYPES = YES;
				CLANG_WARN_SUSPICIOUS_MOVE = YES;
				CLANG_WARN_UNGUARDED_AVAILABILITY = YES_AGGRESSIVE;
				CODE_SIGN_IDENTITY = "Apple Development";
				CODE_SIGN_STYLE = Automatic;
				COPY_PHASE_STRIP = NO;
				CURRENT_PROJECT_VERSION = 1;
				DEFINES_MODULE = YES;
				DEVELOPMENT_TEAM = S32Z3HMYVQ;
				DYLIB_COMPATIBILITY_VERSION = 1;
				DYLIB_CURRENT_VERSION = 1;
				DYLIB_INSTALL_NAME_BASE = "@rpath";
				ENABLE_BITCODE = NO;
				ENABLE_NS_ASSERTIONS = NO;
				GCC_NO_COMMON_BLOCKS = YES;
				GCC_WARN_ABOUT_RETURN_TYPE = YES_ERROR;
				GCC_WARN_UNINITIALIZED_AUTOS = YES_AGGRESSIVE;
				GENERATE_INFOPLIST_FILE = YES;
				INFOPLIST_KEY_NSHumanReadableCopyright = "";
				INSTALL_PATH = "$(LOCAL_LIBRARY_DIR)/Frameworks";
				LD_RUNPATH_SEARCH_PATHS = (
					"$(inherited)",
					"@executable_path/Frameworks",
					"@loader_path/Frameworks",
				);
				"LD_RUNPATH_SEARCH_PATHS[arch=*]" = (
					"@executable_path/../Frameworks",
					"@loader_path/Frameworks",
				);
				MARKETING_VERSION = 1.0;
				MTL_ENABLE_DEBUG_INFO = NO;
				MTL_FAST_MATH = YES;
				PRODUCT_BUNDLE_IDENTIFIER = "com.provenance-emu.FreeDO";
				PRODUCT_NAME = PVFreeDO;
				PROVISIONING_PROFILE_SPECIFIER = "";
				SDKROOT = auto;
				SKIP_INSTALL = YES;
				SUPPORTED_PLATFORMS = "watchsimulator watchos macosx iphonesimulator iphoneos appletvsimulator appletvos";
				SUPPORTS_MACCATALYST = YES;
				SWIFT_EMIT_LOC_STRINGS = YES;
				TARGETED_DEVICE_FAMILY = "1,2,3,4,6";
				VALIDATE_PRODUCT = YES;
				VERSIONING_SYSTEM = "apple-generic";
				VERSION_INFO_PREFIX = "";
			};
			name = Release;
		};
/* End XCBuildConfiguration section */

/* Begin XCConfigurationList section */
		1DEB913E08733D840010E9CD /* Build configuration list for PBXProject "PV4DO" */ = {
			isa = XCConfigurationList;
			buildConfigurations = (
				1DEB913F08733D840010E9CD /* Debug */,
				1DEB914008733D840010E9CD /* Release */,
				B3AF0E2F29404FBC00F96B9F /* Archive */,
			);
			defaultConfigurationIsVisible = 0;
			defaultConfigurationName = Release;
		};
		575ACC281582D4F000EAC45A /* Build configuration list for PBXNativeTarget "libcue" */ = {
			isa = XCConfigurationList;
			buildConfigurations = (
				575ACC291582D4F000EAC45A /* Debug */,
				575ACC2A1582D4F000EAC45A /* Release */,
				B3AF0E3129404FBC00F96B9F /* Archive */,
			);
			defaultConfigurationIsVisible = 0;
			defaultConfigurationName = Release;
		};
		B3D1801E28963F5D001207AF /* Build configuration list for PBXNativeTarget "freedo" */ = {
			isa = XCConfigurationList;
			buildConfigurations = (
				B3D1801C28963F5D001207AF /* Debug */,
				B3D1801D28963F5D001207AF /* Release */,
				B3AF0E3229404FBC00F96B9F /* Archive */,
			);
			defaultConfigurationIsVisible = 0;
			defaultConfigurationName = Release;
		};
		B3D1804A28963FF0001207AF /* Build configuration list for PBXNativeTarget "PVFreeDO" */ = {
			isa = XCConfigurationList;
			buildConfigurations = (
				B3D1804B28963FF0001207AF /* Debug */,
				B3D1804C28963FF0001207AF /* Release */,
				B3AF0E3029404FBC00F96B9F /* Archive */,
			);
			defaultConfigurationIsVisible = 0;
			defaultConfigurationName = Release;
		};
/* End XCConfigurationList section */

/* Begin XCSwiftPackageProductDependency section */
		B3AFCF592977A66600A01010 /* PVLogging */ = {
			isa = XCSwiftPackageProductDependency;
			productName = PVLogging;
		};
/* End XCSwiftPackageProductDependency section */
	};
	rootObject = 089C1669FE841209C02AAC07 /* Project object */;
}
